
Microsoft Visual Studio Solution File, Format Version 12.00
# Visual Studio Version 16
VisualStudioVersion = 16.0.29911.84
MinimumVisualStudioVersion = 10.0.40219.1
Project("{FAE04EC0-301F-11D3-BF4B-00C04F79EFBC}") = "taximukti", "taximukti\taximukti.csproj", "{B24F109F-DD72-423B-9D56-3230AD2B06CC}"
EndProject
Global
	GlobalSection(SolutionConfigurationPlatforms) = preSolution
		Debug|Any CPU = Debug|Any CPU
		Release|Any CPU = Release|Any CPU
	EndGlobalSection
	GlobalSection(ProjectConfigurationPlatforms) = postSolution
		{B24F109F-DD72-423B-9D56-3230AD2B06CC}.Debug|Any CPU.ActiveCfg = Debug|Any CPU
		{B24F109F-DD72-423B-9D56-3230AD2B06CC}.Debug|Any CPU.Build.0 = Debug|Any CPU
		{B24F109F-DD72-423B-9D56-3230AD2B06CC}.Release|Any CPU.ActiveCfg = Release|Any CPU
		{B24F109F-DD72-423B-9D56-3230AD2B06CC}.Release|Any CPU.Build.0 = Release|Any CPU
	EndGlobalSection
	GlobalSection(SolutionProperties) = preSolution
		HideSolutionNode = FALSE
	EndGlobalSection
	GlobalSection(ExtensibilityGlobals) = postSolution
		SolutionGuid = {73A992C3-15CA-4520-AD37-F85CB6C5D353}
	EndGlobalSection
EndGlobal
